// !$*UTF8*$!
{
	archiveVersion = 1;
	classes = {
	};
	objectVersion = 56;
	objects = {

/* Begin PBXBuildFile section */
		DF0F4D7D2BEB75AB0022AE85 /* StacksBootcamp.swift in Sources */ = {isa = PBXBuildFile; fileRef = DF0F4D7C2BEB75AB0022AE85 /* StacksBootcamp.swift */; };
		DF0F4D802BEBA4EB0022AE85 /* PaddingBootcamp.swift in Sources */ = {isa = PBXBuildFile; fileRef = DF0F4D7F2BEBA4EB0022AE85 /* PaddingBootcamp.swift */; };
		DF0F4D822BEBAF890022AE85 /* SpacerBootcamp.swift in Sources */ = {isa = PBXBuildFile; fileRef = DF0F4D812BEBAF890022AE85 /* SpacerBootcamp.swift */; };
		DF0FDA572BF0CB5B00FAD48F /* PickerBootcamp.swift in Sources */ = {isa = PBXBuildFile; fileRef = DF0FDA562BF0CB5B00FAD48F /* PickerBootcamp.swift */; };
		DF0FDA592BF0FFE500FAD48F /* ColorPickerBootcamp.swift in Sources */ = {isa = PBXBuildFile; fileRef = DF0FDA582BF0FFE500FAD48F /* ColorPickerBootcamp.swift */; };
		DF0FE9AF2BEEA6F900805698 /* SheetsBootcamp.swift in Sources */ = {isa = PBXBuildFile; fileRef = DF0FE9AE2BEEA6F900805698 /* SheetsBootcamp.swift */; };
		DF12E3C02BED57F50098C94D /* StateBootcamp.swift in Sources */ = {isa = PBXBuildFile; fileRef = DF12E3BF2BED57F50098C94D /* StateBootcamp.swift */; };
		DF12E3C22BED666D0098C94D /* ExtractingBootcamp.swift in Sources */ = {isa = PBXBuildFile; fileRef = DF12E3C12BED666D0098C94D /* ExtractingBootcamp.swift */; };
		DF12E3C62BED76890098C94D /* BindingBootcamp.swift in Sources */ = {isa = PBXBuildFile; fileRef = DF12E3C52BED76890098C94D /* BindingBootcamp.swift */; };
		DF144F542BEE3B900095D89B /* ConditionalLogicBootcamp.swift in Sources */ = {isa = PBXBuildFile; fileRef = DF144F532BEE3B900095D89B /* ConditionalLogicBootcamp.swift */; };
		DF144F562BEE46680095D89B /* TernaryBootcamp.swift in Sources */ = {isa = PBXBuildFile; fileRef = DF144F552BEE46680095D89B /* TernaryBootcamp.swift */; };
		DF144F582BEE4C6B0095D89B /* AnimationBootcamp.swift in Sources */ = {isa = PBXBuildFile; fileRef = DF144F572BEE4C6B0095D89B /* AnimationBootcamp.swift */; };
		DF144F5A2BEE60740095D89B /* TimingCurvesBootcamp.swift in Sources */ = {isa = PBXBuildFile; fileRef = DF144F592BEE60740095D89B /* TimingCurvesBootcamp.swift */; };
		DF144F5C2BEE704C0095D89B /* TimingCurvesBootcamp2.swift in Sources */ = {isa = PBXBuildFile; fileRef = DF144F5B2BEE704C0095D89B /* TimingCurvesBootcamp2.swift */; };
		DF144F5E2BEE79550095D89B /* TransitionsBootcamp.swift in Sources */ = {isa = PBXBuildFile; fileRef = DF144F5D2BEE79550095D89B /* TransitionsBootcamp.swift */; };
		DF1BE65C2BEF73AE0049FF88 /* PopoverBootcamp.swift in Sources */ = {isa = PBXBuildFile; fileRef = DF1BE65B2BEF73AE0049FF88 /* PopoverBootcamp.swift */; };
		DF1BE65E2BEF83A70049FF88 /* NavigationBootcamp.swift in Sources */ = {isa = PBXBuildFile; fileRef = DF1BE65D2BEF83A70049FF88 /* NavigationBootcamp.swift */; };
		DF1BE6602BEF95E10049FF88 /* ListBootcamp.swift in Sources */ = {isa = PBXBuildFile; fileRef = DF1BE65F2BEF95E10049FF88 /* ListBootcamp.swift */; };
		DF6BDF102BEA395E003CFEDE /* ColorsBootcamp.swift in Sources */ = {isa = PBXBuildFile; fileRef = DF6BDF0F2BEA395E003CFEDE /* ColorsBootcamp.swift */; };
		DF6BDF122BEA4101003CFEDE /* GradientsBootcamp.swift in Sources */ = {isa = PBXBuildFile; fileRef = DF6BDF112BEA4101003CFEDE /* GradientsBootcamp.swift */; };
		DF6BDF142BEA6246003CFEDE /* IconsBootcamp.swift in Sources */ = {isa = PBXBuildFile; fileRef = DF6BDF132BEA6246003CFEDE /* IconsBootcamp.swift */; };
		DF6BDF162BEA6AB4003CFEDE /* ImagesBootcamp.swift in Sources */ = {isa = PBXBuildFile; fileRef = DF6BDF152BEA6AB4003CFEDE /* ImagesBootcamp.swift */; };
		DF6BDF182BEA7AF6003CFEDE /* FrameBootcamp2.swift in Sources */ = {isa = PBXBuildFile; fileRef = DF6BDF172BEA7AF6003CFEDE /* FrameBootcamp2.swift */; };
		DF6BDF1A2BEA7CD1003CFEDE /* FrameBootcamp1.swift in Sources */ = {isa = PBXBuildFile; fileRef = DF6BDF192BEA7CD1003CFEDE /* FrameBootcamp1.swift */; };
		DF6BDF1C2BEA7E4E003CFEDE /* FrameBootcamp3.swift in Sources */ = {isa = PBXBuildFile; fileRef = DF6BDF1B2BEA7E4E003CFEDE /* FrameBootcamp3.swift */; };
		DF6BDF1E2BEA9DA5003CFEDE /* BackgroundAndOverlaysBootcamp.swift in Sources */ = {isa = PBXBuildFile; fileRef = DF6BDF1D2BEA9DA5003CFEDE /* BackgroundAndOverlaysBootcamp.swift */; };
		DF8CCF2D2BEFDA1400320366 /* AlertBootcamp.swift in Sources */ = {isa = PBXBuildFile; fileRef = DF8CCF2C2BEFDA1400320366 /* AlertBootcamp.swift */; };
		DF8CCF312BEFE42F00320366 /* ConfirmationDialogBootcamp.swift in Sources */ = {isa = PBXBuildFile; fileRef = DF8CCF302BEFE42F00320366 /* ConfirmationDialogBootcamp.swift */; };
		DF8CCF332BEFE9CA00320366 /* ContextMenuBootcamp.swift in Sources */ = {isa = PBXBuildFile; fileRef = DF8CCF322BEFE9CA00320366 /* ContextMenuBootcamp.swift */; };
		DF8CCF352BEFF10B00320366 /* TextFieldBootcamp.swift in Sources */ = {isa = PBXBuildFile; fileRef = DF8CCF342BEFF10B00320366 /* TextFieldBootcamp.swift */; };
		DF8CCF372BF0115C00320366 /* TextEditorBootcamp.swift in Sources */ = {isa = PBXBuildFile; fileRef = DF8CCF362BF0115C00320366 /* TextEditorBootcamp.swift */; };
		DF8CCF392BF0166700320366 /* ToggleBootcamp.swift in Sources */ = {isa = PBXBuildFile; fileRef = DF8CCF382BF0166700320366 /* ToggleBootcamp.swift */; };
		DFA23BD32BED143500C758EB /* ButtonsBootcamp.swift in Sources */ = {isa = PBXBuildFile; fileRef = DFA23BD22BED143500C758EB /* ButtonsBootcamp.swift */; };
		DFBFBA942BEA1FBD00444846 /* SwiftfulThinkingBootcampApp.swift in Sources */ = {isa = PBXBuildFile; fileRef = DFBFBA932BEA1FBD00444846 /* SwiftfulThinkingBootcampApp.swift */; };
		DFBFBA962BEA1FBD00444846 /* ContentView.swift in Sources */ = {isa = PBXBuildFile; fileRef = DFBFBA952BEA1FBD00444846 /* ContentView.swift */; };
		DFBFBA982BEA1FBE00444846 /* Assets.xcassets in Resources */ = {isa = PBXBuildFile; fileRef = DFBFBA972BEA1FBE00444846 /* Assets.xcassets */; };
		DFBFBA9B2BEA1FBE00444846 /* Preview Assets.xcassets in Resources */ = {isa = PBXBuildFile; fileRef = DFBFBA9A2BEA1FBE00444846 /* Preview Assets.xcassets */; };
		DFBFBAA22BEA1FE000444846 /* TextBootcamp.swift in Sources */ = {isa = PBXBuildFile; fileRef = DFBFBAA12BEA1FE000444846 /* TextBootcamp.swift */; };
		DFBFBAA42BEA202400444846 /* ShapesBootcamp.swift in Sources */ = {isa = PBXBuildFile; fileRef = DFBFBAA32BEA202400444846 /* ShapesBootcamp.swift */; };
		DFCA97462BEBD5DF007C65B6 /* InitializersBootcamp.swift in Sources */ = {isa = PBXBuildFile; fileRef = DFCA97452BEBD5DF007C65B6 /* InitializersBootcamp.swift */; };
		DFFAD4582BECCF3000D78829 /* ForEachBootcamp.swift in Sources */ = {isa = PBXBuildFile; fileRef = DFFAD4572BECCF3000D78829 /* ForEachBootcamp.swift */; };
		DFFAD45A2BECEA0900D78829 /* ScrollViewBootcamp.swift in Sources */ = {isa = PBXBuildFile; fileRef = DFFAD4592BECEA0900D78829 /* ScrollViewBootcamp.swift */; };
		DFFAD45C2BECF1F000D78829 /* GridBootcamp.swift in Sources */ = {isa = PBXBuildFile; fileRef = DFFAD45B2BECF1F000D78829 /* GridBootcamp.swift */; };
/* End PBXBuildFile section */

/* Begin PBXFileReference section */
		DF0F4D7C2BEB75AB0022AE85 /* StacksBootcamp.swift */ = {isa = PBXFileReference; lastKnownFileType = sourcecode.swift; path = StacksBootcamp.swift; sourceTree = "<group>"; };
		DF0F4D7E2BEB75D90022AE85 /* README.md */ = {isa = PBXFileReference; lastKnownFileType = net.daringfireball.markdown; path = README.md; sourceTree = "<group>"; };
		DF0F4D7F2BEBA4EB0022AE85 /* PaddingBootcamp.swift */ = {isa = PBXFileReference; lastKnownFileType = sourcecode.swift; path = PaddingBootcamp.swift; sourceTree = "<group>"; };
		DF0F4D812BEBAF890022AE85 /* SpacerBootcamp.swift */ = {isa = PBXFileReference; lastKnownFileType = sourcecode.swift; path = SpacerBootcamp.swift; sourceTree = "<group>"; };
		DF0FDA562BF0CB5B00FAD48F /* PickerBootcamp.swift */ = {isa = PBXFileReference; lastKnownFileType = sourcecode.swift; path = PickerBootcamp.swift; sourceTree = "<group>"; };
		DF0FDA582BF0FFE500FAD48F /* ColorPickerBootcamp.swift */ = {isa = PBXFileReference; lastKnownFileType = sourcecode.swift; path = ColorPickerBootcamp.swift; sourceTree = "<group>"; };
		DF0FE9AE2BEEA6F900805698 /* SheetsBootcamp.swift */ = {isa = PBXFileReference; lastKnownFileType = sourcecode.swift; path = SheetsBootcamp.swift; sourceTree = "<group>"; };
		DF12E3BF2BED57F50098C94D /* StateBootcamp.swift */ = {isa = PBXFileReference; lastKnownFileType = sourcecode.swift; path = StateBootcamp.swift; sourceTree = "<group>"; };
		DF12E3C12BED666D0098C94D /* ExtractingBootcamp.swift */ = {isa = PBXFileReference; lastKnownFileType = sourcecode.swift; path = ExtractingBootcamp.swift; sourceTree = "<group>"; };
		DF12E3C52BED76890098C94D /* BindingBootcamp.swift */ = {isa = PBXFileReference; lastKnownFileType = sourcecode.swift; path = BindingBootcamp.swift; sourceTree = "<group>"; };
		DF144F532BEE3B900095D89B /* ConditionalLogicBootcamp.swift */ = {isa = PBXFileReference; lastKnownFileType = sourcecode.swift; path = ConditionalLogicBootcamp.swift; sourceTree = "<group>"; };
		DF144F552BEE46680095D89B /* TernaryBootcamp.swift */ = {isa = PBXFileReference; lastKnownFileType = sourcecode.swift; path = TernaryBootcamp.swift; sourceTree = "<group>"; };
		DF144F572BEE4C6B0095D89B /* AnimationBootcamp.swift */ = {isa = PBXFileReference; lastKnownFileType = sourcecode.swift; path = AnimationBootcamp.swift; sourceTree = "<group>"; };
		DF144F592BEE60740095D89B /* TimingCurvesBootcamp.swift */ = {isa = PBXFileReference; lastKnownFileType = sourcecode.swift; path = TimingCurvesBootcamp.swift; sourceTree = "<group>"; };
		DF144F5B2BEE704C0095D89B /* TimingCurvesBootcamp2.swift */ = {isa = PBXFileReference; lastKnownFileType = sourcecode.swift; path = TimingCurvesBootcamp2.swift; sourceTree = "<group>"; };
		DF144F5D2BEE79550095D89B /* TransitionsBootcamp.swift */ = {isa = PBXFileReference; lastKnownFileType = sourcecode.swift; path = TransitionsBootcamp.swift; sourceTree = "<group>"; };
		DF1BE65B2BEF73AE0049FF88 /* PopoverBootcamp.swift */ = {isa = PBXFileReference; lastKnownFileType = sourcecode.swift; path = PopoverBootcamp.swift; sourceTree = "<group>"; };
		DF1BE65D2BEF83A70049FF88 /* NavigationBootcamp.swift */ = {isa = PBXFileReference; lastKnownFileType = sourcecode.swift; path = NavigationBootcamp.swift; sourceTree = "<group>"; };
		DF1BE65F2BEF95E10049FF88 /* ListBootcamp.swift */ = {isa = PBXFileReference; lastKnownFileType = sourcecode.swift; path = ListBootcamp.swift; sourceTree = "<group>"; };
		DF6BDF0F2BEA395E003CFEDE /* ColorsBootcamp.swift */ = {isa = PBXFileReference; lastKnownFileType = sourcecode.swift; path = ColorsBootcamp.swift; sourceTree = "<group>"; };
		DF6BDF112BEA4101003CFEDE /* GradientsBootcamp.swift */ = {isa = PBXFileReference; lastKnownFileType = sourcecode.swift; path = GradientsBootcamp.swift; sourceTree = "<group>"; };
		DF6BDF132BEA6246003CFEDE /* IconsBootcamp.swift */ = {isa = PBXFileReference; lastKnownFileType = sourcecode.swift; path = IconsBootcamp.swift; sourceTree = "<group>"; };
		DF6BDF152BEA6AB4003CFEDE /* ImagesBootcamp.swift */ = {isa = PBXFileReference; lastKnownFileType = sourcecode.swift; path = ImagesBootcamp.swift; sourceTree = "<group>"; };
		DF6BDF172BEA7AF6003CFEDE /* FrameBootcamp2.swift */ = {isa = PBXFileReference; lastKnownFileType = sourcecode.swift; path = FrameBootcamp2.swift; sourceTree = "<group>"; };
		DF6BDF192BEA7CD1003CFEDE /* FrameBootcamp1.swift */ = {isa = PBXFileReference; lastKnownFileType = sourcecode.swift; path = FrameBootcamp1.swift; sourceTree = "<group>"; };
		DF6BDF1B2BEA7E4E003CFEDE /* FrameBootcamp3.swift */ = {isa = PBXFileReference; lastKnownFileType = sourcecode.swift; path = FrameBootcamp3.swift; sourceTree = "<group>"; };
		DF6BDF1D2BEA9DA5003CFEDE /* BackgroundAndOverlaysBootcamp.swift */ = {isa = PBXFileReference; lastKnownFileType = sourcecode.swift; path = BackgroundAndOverlaysBootcamp.swift; sourceTree = "<group>"; };
		DF8CCF2C2BEFDA1400320366 /* AlertBootcamp.swift */ = {isa = PBXFileReference; lastKnownFileType = sourcecode.swift; path = AlertBootcamp.swift; sourceTree = "<group>"; };
		DF8CCF302BEFE42F00320366 /* ConfirmationDialogBootcamp.swift */ = {isa = PBXFileReference; lastKnownFileType = sourcecode.swift; path = ConfirmationDialogBootcamp.swift; sourceTree = "<group>"; };
		DF8CCF322BEFE9CA00320366 /* ContextMenuBootcamp.swift */ = {isa = PBXFileReference; lastKnownFileType = sourcecode.swift; path = ContextMenuBootcamp.swift; sourceTree = "<group>"; };
		DF8CCF342BEFF10B00320366 /* TextFieldBootcamp.swift */ = {isa = PBXFileReference; lastKnownFileType = sourcecode.swift; path = TextFieldBootcamp.swift; sourceTree = "<group>"; };
		DF8CCF362BF0115C00320366 /* TextEditorBootcamp.swift */ = {isa = PBXFileReference; lastKnownFileType = sourcecode.swift; path = TextEditorBootcamp.swift; sourceTree = "<group>"; };
		DF8CCF382BF0166700320366 /* ToggleBootcamp.swift */ = {isa = PBXFileReference; lastKnownFileType = sourcecode.swift; path = ToggleBootcamp.swift; sourceTree = "<group>"; };
		DFA23BD22BED143500C758EB /* ButtonsBootcamp.swift */ = {isa = PBXFileReference; lastKnownFileType = sourcecode.swift; path = ButtonsBootcamp.swift; sourceTree = "<group>"; };
		DFBFBA902BEA1FBD00444846 /* SwiftfulThinkingBootcamp.app */ = {isa = PBXFileReference; explicitFileType = wrapper.application; includeInIndex = 0; path = SwiftfulThinkingBootcamp.app; sourceTree = BUILT_PRODUCTS_DIR; };
		DFBFBA932BEA1FBD00444846 /* SwiftfulThinkingBootcampApp.swift */ = {isa = PBXFileReference; lastKnownFileType = sourcecode.swift; path = SwiftfulThinkingBootcampApp.swift; sourceTree = "<group>"; };
		DFBFBA952BEA1FBD00444846 /* ContentView.swift */ = {isa = PBXFileReference; lastKnownFileType = sourcecode.swift; path = ContentView.swift; sourceTree = "<group>"; };
		DFBFBA972BEA1FBE00444846 /* Assets.xcassets */ = {isa = PBXFileReference; lastKnownFileType = folder.assetcatalog; path = Assets.xcassets; sourceTree = "<group>"; };
		DFBFBA9A2BEA1FBE00444846 /* Preview Assets.xcassets */ = {isa = PBXFileReference; lastKnownFileType = folder.assetcatalog; path = "Preview Assets.xcassets"; sourceTree = "<group>"; };
		DFBFBAA12BEA1FE000444846 /* TextBootcamp.swift */ = {isa = PBXFileReference; lastKnownFileType = sourcecode.swift; path = TextBootcamp.swift; sourceTree = "<group>"; };
		DFBFBAA32BEA202400444846 /* ShapesBootcamp.swift */ = {isa = PBXFileReference; lastKnownFileType = sourcecode.swift; path = ShapesBootcamp.swift; sourceTree = "<group>"; };
		DFCA97452BEBD5DF007C65B6 /* InitializersBootcamp.swift */ = {isa = PBXFileReference; lastKnownFileType = sourcecode.swift; path = InitializersBootcamp.swift; sourceTree = "<group>"; };
		DFFAD4572BECCF3000D78829 /* ForEachBootcamp.swift */ = {isa = PBXFileReference; lastKnownFileType = sourcecode.swift; path = ForEachBootcamp.swift; sourceTree = "<group>"; };
		DFFAD4592BECEA0900D78829 /* ScrollViewBootcamp.swift */ = {isa = PBXFileReference; lastKnownFileType = sourcecode.swift; path = ScrollViewBootcamp.swift; sourceTree = "<group>"; };
		DFFAD45B2BECF1F000D78829 /* GridBootcamp.swift */ = {isa = PBXFileReference; lastKnownFileType = sourcecode.swift; path = GridBootcamp.swift; sourceTree = "<group>"; };
/* End PBXFileReference section */

/* Begin PBXFrameworksBuildPhase section */
		DFBFBA8D2BEA1FBD00444846 /* Frameworks */ = {
			isa = PBXFrameworksBuildPhase;
			buildActionMask = 2147483647;
			files = (
			);
			runOnlyForDeploymentPostprocessing = 0;
		};
/* End PBXFrameworksBuildPhase section */

/* Begin PBXGroup section */
		DFBFBA872BEA1FBD00444846 = {
			isa = PBXGroup;
			children = (
				DFBFBA922BEA1FBD00444846 /* SwiftfulThinkingBootcamp */,
				DF0F4D7E2BEB75D90022AE85 /* README.md */,
				DFBFBA912BEA1FBD00444846 /* Products */,
			);
			sourceTree = "<group>";
		};
		DFBFBA912BEA1FBD00444846 /* Products */ = {
			isa = PBXGroup;
			children = (
				DFBFBA902BEA1FBD00444846 /* SwiftfulThinkingBootcamp.app */,
			);
			name = Products;
			sourceTree = "<group>";
		};
		DFBFBA922BEA1FBD00444846 /* SwiftfulThinkingBootcamp */ = {
			isa = PBXGroup;
			children = (
				DF8CCF2C2BEFDA1400320366 /* AlertBootcamp.swift */,
				DF144F572BEE4C6B0095D89B /* AnimationBootcamp.swift */,
				DFBFBA972BEA1FBE00444846 /* Assets.xcassets */,
				DF6BDF1D2BEA9DA5003CFEDE /* BackgroundAndOverlaysBootcamp.swift */,
				DF12E3C52BED76890098C94D /* BindingBootcamp.swift */,
				DFA23BD22BED143500C758EB /* ButtonsBootcamp.swift */,
				DF0FDA582BF0FFE500FAD48F /* ColorPickerBootcamp.swift */,
				DF6BDF0F2BEA395E003CFEDE /* ColorsBootcamp.swift */,
				DF144F532BEE3B900095D89B /* ConditionalLogicBootcamp.swift */,
				DF8CCF302BEFE42F00320366 /* ConfirmationDialogBootcamp.swift */,
				DFBFBA952BEA1FBD00444846 /* ContentView.swift */,
				DF8CCF322BEFE9CA00320366 /* ContextMenuBootcamp.swift */,
				DF12E3C12BED666D0098C94D /* ExtractingBootcamp.swift */,
				DFFAD4572BECCF3000D78829 /* ForEachBootcamp.swift */,
				DF6BDF192BEA7CD1003CFEDE /* FrameBootcamp1.swift */,
				DF6BDF172BEA7AF6003CFEDE /* FrameBootcamp2.swift */,
				DF6BDF1B2BEA7E4E003CFEDE /* FrameBootcamp3.swift */,
				DF6BDF112BEA4101003CFEDE /* GradientsBootcamp.swift */,
				DFFAD45B2BECF1F000D78829 /* GridBootcamp.swift */,
				DF6BDF132BEA6246003CFEDE /* IconsBootcamp.swift */,
				DF6BDF152BEA6AB4003CFEDE /* ImagesBootcamp.swift */,
				DFCA97452BEBD5DF007C65B6 /* InitializersBootcamp.swift */,
				DF1BE65F2BEF95E10049FF88 /* ListBootcamp.swift */,
				DF1BE65D2BEF83A70049FF88 /* NavigationBootcamp.swift */,
				DF0F4D7F2BEBA4EB0022AE85 /* PaddingBootcamp.swift */,
				DF0FDA562BF0CB5B00FAD48F /* PickerBootcamp.swift */,
				DF1BE65B2BEF73AE0049FF88 /* PopoverBootcamp.swift */,
				DFBFBA992BEA1FBE00444846 /* Preview Content */,
				DFBFBAA52BEA203600444846 /* Root */,
				DFFAD4592BECEA0900D78829 /* ScrollViewBootcamp.swift */,
				DFBFBAA32BEA202400444846 /* ShapesBootcamp.swift */,
				DF0FE9AE2BEEA6F900805698 /* SheetsBootcamp.swift */,
				DF0F4D812BEBAF890022AE85 /* SpacerBootcamp.swift */,
				DF0F4D7C2BEB75AB0022AE85 /* StacksBootcamp.swift */,
				DF12E3BF2BED57F50098C94D /* StateBootcamp.swift */,
				DF144F552BEE46680095D89B /* TernaryBootcamp.swift */,
				DFBFBAA12BEA1FE000444846 /* TextBootcamp.swift */,
				DF8CCF362BF0115C00320366 /* TextEditorBootcamp.swift */,
				DF8CCF342BEFF10B00320366 /* TextFieldBootcamp.swift */,
				DF144F592BEE60740095D89B /* TimingCurvesBootcamp.swift */,
				DF144F5B2BEE704C0095D89B /* TimingCurvesBootcamp2.swift */,
				DF8CCF382BF0166700320366 /* ToggleBootcamp.swift */,
				DF144F5D2BEE79550095D89B /* TransitionsBootcamp.swift */,
			);
			path = SwiftfulThinkingBootcamp;
			sourceTree = "<group>";
		};
		DFBFBA992BEA1FBE00444846 /* Preview Content */ = {
			isa = PBXGroup;
			children = (
				DFBFBA9A2BEA1FBE00444846 /* Preview Assets.xcassets */,
			);
			path = "Preview Content";
			sourceTree = "<group>";
		};
		DFBFBAA52BEA203600444846 /* Root */ = {
			isa = PBXGroup;
			children = (
				DFBFBA932BEA1FBD00444846 /* SwiftfulThinkingBootcampApp.swift */,
			);
			path = Root;
			sourceTree = "<group>";
		};
/* End PBXGroup section */

/* Begin PBXNativeTarget section */
		DFBFBA8F2BEA1FBD00444846 /* SwiftfulThinkingBootcamp */ = {
			isa = PBXNativeTarget;
			buildConfigurationList = DFBFBA9E2BEA1FBE00444846 /* Build configuration list for PBXNativeTarget "SwiftfulThinkingBootcamp" */;
			buildPhases = (
				DFBFBA8C2BEA1FBD00444846 /* Sources */,
				DFBFBA8D2BEA1FBD00444846 /* Frameworks */,
				DFBFBA8E2BEA1FBD00444846 /* Resources */,
			);
			buildRules = (
			);
			dependencies = (
			);
			name = SwiftfulThinkingBootcamp;
			productName = SwiftfulThinkingBootcamp;
			productReference = DFBFBA902BEA1FBD00444846 /* SwiftfulThinkingBootcamp.app */;
			productType = "com.apple.product-type.application";
		};
/* End PBXNativeTarget section */

/* Begin PBXProject section */
		DFBFBA882BEA1FBD00444846 /* Project object */ = {
			isa = PBXProject;
			attributes = {
				BuildIndependentTargetsInParallel = 1;
				LastSwiftUpdateCheck = 1520;
				LastUpgradeCheck = 1520;
				TargetAttributes = {
					DFBFBA8F2BEA1FBD00444846 = {
						CreatedOnToolsVersion = 15.2;
					};
				};
			};
			buildConfigurationList = DFBFBA8B2BEA1FBD00444846 /* Build configuration list for PBXProject "SwiftfulThinkingBootcamp" */;
			compatibilityVersion = "Xcode 14.0";
			developmentRegion = en;
			hasScannedForEncodings = 0;
			knownRegions = (
				en,
				Base,
			);
			mainGroup = DFBFBA872BEA1FBD00444846;
			productRefGroup = DFBFBA912BEA1FBD00444846 /* Products */;
			projectDirPath = "";
			projectRoot = "";
			targets = (
				DFBFBA8F2BEA1FBD00444846 /* SwiftfulThinkingBootcamp */,
			);
		};
/* End PBXProject section */

/* Begin PBXResourcesBuildPhase section */
		DFBFBA8E2BEA1FBD00444846 /* Resources */ = {
			isa = PBXResourcesBuildPhase;
			buildActionMask = 2147483647;
			files = (
				DFBFBA9B2BEA1FBE00444846 /* Preview Assets.xcassets in Resources */,
				DFBFBA982BEA1FBE00444846 /* Assets.xcassets in Resources */,
			);
			runOnlyForDeploymentPostprocessing = 0;
		};
/* End PBXResourcesBuildPhase section */

/* Begin PBXSourcesBuildPhase section */
		DFBFBA8C2BEA1FBD00444846 /* Sources */ = {
			isa = PBXSourcesBuildPhase;
			buildActionMask = 2147483647;
			files = (
				DF144F542BEE3B900095D89B /* ConditionalLogicBootcamp.swift in Sources */,
				DF6BDF1A2BEA7CD1003CFEDE /* FrameBootcamp1.swift in Sources */,
				DFCA97462BEBD5DF007C65B6 /* InitializersBootcamp.swift in Sources */,
				DF6BDF1C2BEA7E4E003CFEDE /* FrameBootcamp3.swift in Sources */,
				DF6BDF122BEA4101003CFEDE /* GradientsBootcamp.swift in Sources */,
				DF6BDF102BEA395E003CFEDE /* ColorsBootcamp.swift in Sources */,
				DFA23BD32BED143500C758EB /* ButtonsBootcamp.swift in Sources */,
				DF0F4D802BEBA4EB0022AE85 /* PaddingBootcamp.swift in Sources */,
				DF1BE6602BEF95E10049FF88 /* ListBootcamp.swift in Sources */,
				DF8CCF312BEFE42F00320366 /* ConfirmationDialogBootcamp.swift in Sources */,
				DF12E3C02BED57F50098C94D /* StateBootcamp.swift in Sources */,
				DF6BDF182BEA7AF6003CFEDE /* FrameBootcamp2.swift in Sources */,
				DF144F562BEE46680095D89B /* TernaryBootcamp.swift in Sources */,
				DF1BE65C2BEF73AE0049FF88 /* PopoverBootcamp.swift in Sources */,
				DF0F4D822BEBAF890022AE85 /* SpacerBootcamp.swift in Sources */,
				DFFAD45C2BECF1F000D78829 /* GridBootcamp.swift in Sources */,
				DF144F5C2BEE704C0095D89B /* TimingCurvesBootcamp2.swift in Sources */,
				DFBFBAA42BEA202400444846 /* ShapesBootcamp.swift in Sources */,
				DFBFBA962BEA1FBD00444846 /* ContentView.swift in Sources */,
				DF144F5A2BEE60740095D89B /* TimingCurvesBootcamp.swift in Sources */,
				DF12E3C22BED666D0098C94D /* ExtractingBootcamp.swift in Sources */,
				DFFAD4582BECCF3000D78829 /* ForEachBootcamp.swift in Sources */,
				DF144F5E2BEE79550095D89B /* TransitionsBootcamp.swift in Sources */,
				DF8CCF332BEFE9CA00320366 /* ContextMenuBootcamp.swift in Sources */,
				DF6BDF1E2BEA9DA5003CFEDE /* BackgroundAndOverlaysBootcamp.swift in Sources */,
				DF8CCF352BEFF10B00320366 /* TextFieldBootcamp.swift in Sources */,
				DF8CCF372BF0115C00320366 /* TextEditorBootcamp.swift in Sources */,
				DFFAD45A2BECEA0900D78829 /* ScrollViewBootcamp.swift in Sources */,
				DF0FDA592BF0FFE500FAD48F /* ColorPickerBootcamp.swift in Sources */,
				DFBFBAA22BEA1FE000444846 /* TextBootcamp.swift in Sources */,
				DF8CCF2D2BEFDA1400320366 /* AlertBootcamp.swift in Sources */,
				DF8CCF392BF0166700320366 /* ToggleBootcamp.swift in Sources */,
				DF1BE65E2BEF83A70049FF88 /* NavigationBootcamp.swift in Sources */,
				DF12E3C62BED76890098C94D /* BindingBootcamp.swift in Sources */,
				DF0FE9AF2BEEA6F900805698 /* SheetsBootcamp.swift in Sources */,
				DF0FDA572BF0CB5B00FAD48F /* PickerBootcamp.swift in Sources */,
				DF144F582BEE4C6B0095D89B /* AnimationBootcamp.swift in Sources */,
				DFBFBA942BEA1FBD00444846 /* SwiftfulThinkingBootcampApp.swift in Sources */,
				DF0F4D7D2BEB75AB0022AE85 /* StacksBootcamp.swift in Sources */,
				DF6BDF162BEA6AB4003CFEDE /* ImagesBootcamp.swift in Sources */,
				DF6BDF142BEA6246003CFEDE /* IconsBootcamp.swift in Sources */,
			);
			runOnlyForDeploymentPostprocessing = 0;
		};
/* End PBXSourcesBuildPhase section */

/* Begin XCBuildConfiguration section */
		DFBFBA9C2BEA1FBE00444846 /* Debug */ = {
			isa = XCBuildConfiguration;
			buildSettings = {
				ALWAYS_SEARCH_USER_PATHS = NO;
				ASSETCATALOG_COMPILER_GENERATE_SWIFT_ASSET_SYMBOL_EXTENSIONS = YES;
				CLANG_ANALYZER_NONNULL = YES;
				CLANG_ANALYZER_NUMBER_OBJECT_CONVERSION = YES_AGGRESSIVE;
				CLANG_CXX_LANGUAGE_STANDARD = "gnu++20";
				CLANG_ENABLE_MODULES = YES;
				CLANG_ENABLE_OBJC_ARC = YES;
				CLANG_ENABLE_OBJC_WEAK = YES;
				CLANG_WARN_BLOCK_CAPTURE_AUTORELEASING = YES;
				CLANG_WARN_BOOL_CONVERSION = YES;
				CLANG_WARN_COMMA = YES;
				CLANG_WARN_CONSTANT_CONVERSION = YES;
				CLANG_WARN_DEPRECATED_OBJC_IMPLEMENTATIONS = YES;
				CLANG_WARN_DIRECT_OBJC_ISA_USAGE = YES_ERROR;
				CLANG_WARN_DOCUMENTATION_COMMENTS = YES;
				CLANG_WARN_EMPTY_BODY = YES;
				CLANG_WARN_ENUM_CONVERSION = YES;
				CLANG_WARN_INFINITE_RECURSION = YES;
				CLANG_WARN_INT_CONVERSION = YES;
				CLANG_WARN_NON_LITERAL_NULL_CONVERSION = YES;
				CLANG_WARN_OBJC_IMPLICIT_RETAIN_SELF = YES;
				CLANG_WARN_OBJC_LITERAL_CONVERSION = YES;
				CLANG_WARN_OBJC_ROOT_CLASS = YES_ERROR;
				CLANG_WARN_QUOTED_INCLUDE_IN_FRAMEWORK_HEADER = YES;
				CLANG_WARN_RANGE_LOOP_ANALYSIS = YES;
				CLANG_WARN_STRICT_PROTOTYPES = YES;
				CLANG_WARN_SUSPICIOUS_MOVE = YES;
				CLANG_WARN_UNGUARDED_AVAILABILITY = YES_AGGRESSIVE;
				CLANG_WARN_UNREACHABLE_CODE = YES;
				CLANG_WARN__DUPLICATE_METHOD_MATCH = YES;
				COPY_PHASE_STRIP = NO;
				DEBUG_INFORMATION_FORMAT = dwarf;
				ENABLE_STRICT_OBJC_MSGSEND = YES;
				ENABLE_TESTABILITY = YES;
				ENABLE_USER_SCRIPT_SANDBOXING = YES;
				GCC_C_LANGUAGE_STANDARD = gnu17;
				GCC_DYNAMIC_NO_PIC = NO;
				GCC_NO_COMMON_BLOCKS = YES;
				GCC_OPTIMIZATION_LEVEL = 0;
				GCC_PREPROCESSOR_DEFINITIONS = (
					"DEBUG=1",
					"$(inherited)",
				);
				GCC_WARN_64_TO_32_BIT_CONVERSION = YES;
				GCC_WARN_ABOUT_RETURN_TYPE = YES_ERROR;
				GCC_WARN_UNDECLARED_SELECTOR = YES;
				GCC_WARN_UNINITIALIZED_AUTOS = YES_AGGRESSIVE;
				GCC_WARN_UNUSED_FUNCTION = YES;
				GCC_WARN_UNUSED_VARIABLE = YES;
				IPHONEOS_DEPLOYMENT_TARGET = 17.2;
				LOCALIZATION_PREFERS_STRING_CATALOGS = YES;
				MTL_ENABLE_DEBUG_INFO = INCLUDE_SOURCE;
				MTL_FAST_MATH = YES;
				ONLY_ACTIVE_ARCH = YES;
				SDKROOT = iphoneos;
				SWIFT_ACTIVE_COMPILATION_CONDITIONS = "DEBUG $(inherited)";
				SWIFT_OPTIMIZATION_LEVEL = "-Onone";
			};
			name = Debug;
		};
		DFBFBA9D2BEA1FBE00444846 /* Release */ = {
			isa = XCBuildConfiguration;
			buildSettings = {
				ALWAYS_SEARCH_USER_PATHS = NO;
				ASSETCATALOG_COMPILER_GENERATE_SWIFT_ASSET_SYMBOL_EXTENSIONS = YES;
				CLANG_ANALYZER_NONNULL = YES;
				CLANG_ANALYZER_NUMBER_OBJECT_CONVERSION = YES_AGGRESSIVE;
				CLANG_CXX_LANGUAGE_STANDARD = "gnu++20";
				CLANG_ENABLE_MODULES = YES;
				CLANG_ENABLE_OBJC_ARC = YES;
				CLANG_ENABLE_OBJC_WEAK = YES;
				CLANG_WARN_BLOCK_CAPTURE_AUTORELEASING = YES;
				CLANG_WARN_BOOL_CONVERSION = YES;
				CLANG_WARN_COMMA = YES;
				CLANG_WARN_CONSTANT_CONVERSION = YES;
				CLANG_WARN_DEPRECATED_OBJC_IMPLEMENTATIONS = YES;
				CLANG_WARN_DIRECT_OBJC_ISA_USAGE = YES_ERROR;
				CLANG_WARN_DOCUMENTATION_COMMENTS = YES;
				CLANG_WARN_EMPTY_BODY = YES;
				CLANG_WARN_ENUM_CONVERSION = YES;
				CLANG_WARN_INFINITE_RECURSION = YES;
				CLANG_WARN_INT_CONVERSION = YES;
				CLANG_WARN_NON_LITERAL_NULL_CONVERSION = YES;
				CLANG_WARN_OBJC_IMPLICIT_RETAIN_SELF = YES;
				CLANG_WARN_OBJC_LITERAL_CONVERSION = YES;
				CLANG_WARN_OBJC_ROOT_CLASS = YES_ERROR;
				CLANG_WARN_QUOTED_INCLUDE_IN_FRAMEWORK_HEADER = YES;
				CLANG_WARN_RANGE_LOOP_ANALYSIS = YES;
				CLANG_WARN_STRICT_PROTOTYPES = YES;
				CLANG_WARN_SUSPICIOUS_MOVE = YES;
				CLANG_WARN_UNGUARDED_AVAILABILITY = YES_AGGRESSIVE;
				CLANG_WARN_UNREACHABLE_CODE = YES;
				CLANG_WARN__DUPLICATE_METHOD_MATCH = YES;
				COPY_PHASE_STRIP = NO;
				DEBUG_INFORMATION_FORMAT = "dwarf-with-dsym";
				ENABLE_NS_ASSERTIONS = NO;
				ENABLE_STRICT_OBJC_MSGSEND = YES;
				ENABLE_USER_SCRIPT_SANDBOXING = YES;
				GCC_C_LANGUAGE_STANDARD = gnu17;
				GCC_NO_COMMON_BLOCKS = YES;
				GCC_WARN_64_TO_32_BIT_CONVERSION = YES;
				GCC_WARN_ABOUT_RETURN_TYPE = YES_ERROR;
				GCC_WARN_UNDECLARED_SELECTOR = YES;
				GCC_WARN_UNINITIALIZED_AUTOS = YES_AGGRESSIVE;
				GCC_WARN_UNUSED_FUNCTION = YES;
				GCC_WARN_UNUSED_VARIABLE = YES;
				IPHONEOS_DEPLOYMENT_TARGET = 17.2;
				LOCALIZATION_PREFERS_STRING_CATALOGS = YES;
				MTL_ENABLE_DEBUG_INFO = NO;
				MTL_FAST_MATH = YES;
				SDKROOT = iphoneos;
				SWIFT_COMPILATION_MODE = wholemodule;
				VALIDATE_PRODUCT = YES;
			};
			name = Release;
		};
		DFBFBA9F2BEA1FBE00444846 /* Debug */ = {
			isa = XCBuildConfiguration;
			buildSettings = {
				ASSETCATALOG_COMPILER_APPICON_NAME = AppIcon;
				ASSETCATALOG_COMPILER_GLOBAL_ACCENT_COLOR_NAME = AccentColor;
				CODE_SIGN_STYLE = Automatic;
				CURRENT_PROJECT_VERSION = 1;
				DEVELOPMENT_ASSET_PATHS = "\"SwiftfulThinkingBootcamp/Preview Content\"";
				ENABLE_PREVIEWS = YES;
				GENERATE_INFOPLIST_FILE = YES;
				INFOPLIST_KEY_UIApplicationSceneManifest_Generation = YES;
				INFOPLIST_KEY_UIApplicationSupportsIndirectInputEvents = YES;
				INFOPLIST_KEY_UILaunchScreen_Generation = YES;
				INFOPLIST_KEY_UISupportedInterfaceOrientations_iPad = "UIInterfaceOrientationPortrait UIInterfaceOrientationPortraitUpsideDown UIInterfaceOrientationLandscapeLeft UIInterfaceOrientationLandscapeRight";
				INFOPLIST_KEY_UISupportedInterfaceOrientations_iPhone = "UIInterfaceOrientationPortrait UIInterfaceOrientationLandscapeLeft UIInterfaceOrientationLandscapeRight";
				LD_RUNPATH_SEARCH_PATHS = (
					"$(inherited)",
					"@executable_path/Frameworks",
				);
				MARKETING_VERSION = 1.0;
				PRODUCT_BUNDLE_IDENTIFIER = me.ozmus.enes.SwiftfulThinkingBootcamp;
				PRODUCT_NAME = "$(TARGET_NAME)";
				SWIFT_EMIT_LOC_STRINGS = YES;
				SWIFT_VERSION = 5.0;
				TARGETED_DEVICE_FAMILY = "1,2";
			};
			name = Debug;
		};
		DFBFBAA02BEA1FBE00444846 /* Release */ = {
			isa = XCBuildConfiguration;
			buildSettings = {
				ASSETCATALOG_COMPILER_APPICON_NAME = AppIcon;
				ASSETCATALOG_COMPILER_GLOBAL_ACCENT_COLOR_NAME = AccentColor;
				CODE_SIGN_STYLE = Automatic;
				CURRENT_PROJECT_VERSION = 1;
				DEVELOPMENT_ASSET_PATHS = "\"SwiftfulThinkingBootcamp/Preview Content\"";
				ENABLE_PREVIEWS = YES;
				GENERATE_INFOPLIST_FILE = YES;
				INFOPLIST_KEY_UIApplicationSceneManifest_Generation = YES;
				INFOPLIST_KEY_UIApplicationSupportsIndirectInputEvents = YES;
				INFOPLIST_KEY_UILaunchScreen_Generation = YES;
				INFOPLIST_KEY_UISupportedInterfaceOrientations_iPad = "UIInterfaceOrientationPortrait UIInterfaceOrientationPortraitUpsideDown UIInterfaceOrientationLandscapeLeft UIInterfaceOrientationLandscapeRight";
				INFOPLIST_KEY_UISupportedInterfaceOrientations_iPhone = "UIInterfaceOrientationPortrait UIInterfaceOrientationLandscapeLeft UIInterfaceOrientationLandscapeRight";
				LD_RUNPATH_SEARCH_PATHS = (
					"$(inherited)",
					"@executable_path/Frameworks",
				);
				MARKETING_VERSION = 1.0;
				PRODUCT_BUNDLE_IDENTIFIER = me.ozmus.enes.SwiftfulThinkingBootcamp;
				PRODUCT_NAME = "$(TARGET_NAME)";
				SWIFT_EMIT_LOC_STRINGS = YES;
				SWIFT_VERSION = 5.0;
				TARGETED_DEVICE_FAMILY = "1,2";
			};
			name = Release;
		};
/* End XCBuildConfiguration section */

/* Begin XCConfigurationList section */
		DFBFBA8B2BEA1FBD00444846 /* Build configuration list for PBXProject "SwiftfulThinkingBootcamp" */ = {
			isa = XCConfigurationList;
			buildConfigurations = (
				DFBFBA9C2BEA1FBE00444846 /* Debug */,
				DFBFBA9D2BEA1FBE00444846 /* Release */,
			);
			defaultConfigurationIsVisible = 0;
			defaultConfigurationName = Release;
		};
		DFBFBA9E2BEA1FBE00444846 /* Build configuration list for PBXNativeTarget "SwiftfulThinkingBootcamp" */ = {
			isa = XCConfigurationList;
			buildConfigurations = (
				DFBFBA9F2BEA1FBE00444846 /* Debug */,
				DFBFBAA02BEA1FBE00444846 /* Release */,
			);
			defaultConfigurationIsVisible = 0;
			defaultConfigurationName = Release;
		};
/* End XCConfigurationList section */
	};
	rootObject = DFBFBA882BEA1FBD00444846 /* Project object */;
}
